// !$*UTF8*$!
{
	archiveVersion = 1;
	classes = {
	};
	objectVersion = 46;
	objects = {

/* Begin PBXBuildFile section */
		867FABE11F564BE100ADF2C7 /* main.m in Sources */ = {isa = PBXBuildFile; fileRef = 867FABE01F564BE100ADF2C7 /* main.m */; };
		867FABE41F564BE100ADF2C7 /* AppDelegate.m in Sources */ = {isa = PBXBuildFile; fileRef = 867FABE31F564BE100ADF2C7 /* AppDelegate.m */; };
		867FABE71F564BE100ADF2C7 /* ViewController.m in Sources */ = {isa = PBXBuildFile; fileRef = 867FABE61F564BE100ADF2C7 /* ViewController.m */; };
		867FABEA1F564BE100ADF2C7 /* Main.storyboard in Resources */ = {isa = PBXBuildFile; fileRef = 867FABE81F564BE100ADF2C7 /* Main.storyboard */; };
		867FABEC1F564BE100ADF2C7 /* Assets.xcassets in Resources */ = {isa = PBXBuildFile; fileRef = 867FABEB1F564BE100ADF2C7 /* Assets.xcassets */; };
		867FABEF1F564BE100ADF2C7 /* LaunchScreen.storyboard in Resources */ = {isa = PBXBuildFile; fileRef = 867FABED1F564BE100ADF2C7 /* LaunchScreen.storyboard */; };
		867FABFA1F564BE100ADF2C7 /* LuanchAdTests.m in Sources */ = {isa = PBXBuildFile; fileRef = 867FABF91F564BE100ADF2C7 /* LuanchAdTests.m */; };
		867FAC051F564BE100ADF2C7 /* LuanchAdUITests.m in Sources */ = {isa = PBXBuildFile; fileRef = 867FAC041F564BE100ADF2C7 /* LuanchAdUITests.m */; };
		867FAC191F564C2F00ADF2C7 /* LuanchAdManager.m in Sources */ = {isa = PBXBuildFile; fileRef = 867FAC141F564C2F00ADF2C7 /* LuanchAdManager.m */; };
		867FAC1A1F564C2F00ADF2C7 /* LuanchAdObject.m in Sources */ = {isa = PBXBuildFile; fileRef = 867FAC161F564C2F00ADF2C7 /* LuanchAdObject.m */; };
		867FAC1B1F564C2F00ADF2C7 /* LuanchAdView.m in Sources */ = {isa = PBXBuildFile; fileRef = 867FAC181F564C2F00ADF2C7 /* LuanchAdView.m */; };
/* End PBXBuildFile section */

/* Begin PBXContainerItemProxy section */
		867FABF61F564BE100ADF2C7 /* PBXContainerItemProxy */ = {
			isa = PBXContainerItemProxy;
			containerPortal = 867FABD41F564BE100ADF2C7 /* Project object */;
			proxyType = 1;
			remoteGlobalIDString = 867FABDB1F564BE100ADF2C7;
			remoteInfo = LuanchAd;
		};
		867FAC011F564BE100ADF2C7 /* PBXContainerItemProxy */ = {
			isa = PBXContainerItemProxy;
			containerPortal = 867FABD41F564BE100ADF2C7 /* Project object */;
			proxyType = 1;
			remoteGlobalIDString = 867FABDB1F564BE100ADF2C7;
			remoteInfo = LuanchAd;
		};
/* End PBXContainerItemProxy section */

/* Begin PBXFileReference section */
		867FABDC1F564BE100ADF2C7 /* LuanchAd.app */ = {isa = PBXFileReference; explicitFileType = wrapper.application; includeInIndex = 0; path = LuanchAd.app; sourceTree = BUILT_PRODUCTS_DIR; };
		867FABE01F564BE100ADF2C7 /* main.m */ = {isa = PBXFileReference; lastKnownFileType = sourcecode.c.objc; path = main.m; sourceTree = "<group>"; };
		867FABE21F564BE100ADF2C7 /* AppDelegate.h */ = {isa = PBXFileReference; lastKnownFileType = sourcecode.c.h; path = AppDelegate.h; sourceTree = "<group>"; };
		867FABE31F564BE100ADF2C7 /* AppDelegate.m */ = {isa = PBXFileReference; lastKnownFileType = sourcecode.c.objc; path = AppDelegate.m; sourceTree = "<group>"; };
		867FABE51F564BE100ADF2C7 /* ViewController.h */ = {isa = PBXFileReference; lastKnownFileType = sourcecode.c.h; path = ViewController.h; sourceTree = "<group>"; };
		867FABE61F564BE100ADF2C7 /* ViewController.m */ = {isa = PBXFileReference; lastKnownFileType = sourcecode.c.objc; path = ViewController.m; sourceTree = "<group>"; };
		867FABE91F564BE100ADF2C7 /* Base */ = {isa = PBXFileReference; lastKnownFileType = file.storyboard; name = Base; path = Base.lproj/Main.storyboard; sourceTree = "<group>"; };
		867FABEB1F564BE100ADF2C7 /* Assets.xcassets */ = {isa = PBXFileReference; lastKnownFileType = folder.assetcatalog; path = Assets.xcassets; sourceTree = "<group>"; };
		867FABEE1F564BE100ADF2C7 /* Base */ = {isa = PBXFileReference; lastKnownFileType = file.storyboard; name = Base; path = Base.lproj/LaunchScreen.storyboard; sourceTree = "<group>"; };
		867FABF01F564BE100ADF2C7 /* Info.plist */ = {isa = PBXFileReference; lastKnownFileType = text.plist.xml; path = Info.plist; sourceTree = "<group>"; };
		867FABF51F564BE100ADF2C7 /* LuanchAdTests.xctest */ = {isa = PBXFileReference; explicitFileType = wrapper.cfbundle; includeInIndex = 0; path = LuanchAdTests.xctest; sourceTree = BUILT_PRODUCTS_DIR; };
		867FABF91F564BE100ADF2C7 /* LuanchAdTests.m */ = {isa = PBXFileReference; lastKnownFileType = sourcecode.c.objc; path = LuanchAdTests.m; sourceTree = "<group>"; };
		867FABFB1F564BE100ADF2C7 /* Info.plist */ = {isa = PBXFileReference; lastKnownFileType = text.plist.xml; path = Info.plist; sourceTree = "<group>"; };
		867FAC001F564BE100ADF2C7 /* LuanchAdUITests.xctest */ = {isa = PBXFileReference; explicitFileType = wrapper.cfbundle; includeInIndex = 0; path = LuanchAdUITests.xctest; sourceTree = BUILT_PRODUCTS_DIR; };
		867FAC041F564BE100ADF2C7 /* LuanchAdUITests.m */ = {isa = PBXFileReference; lastKnownFileType = sourcecode.c.objc; path = LuanchAdUITests.m; sourceTree = "<group>"; };
		867FAC061F564BE100ADF2C7 /* Info.plist */ = {isa = PBXFileReference; lastKnownFileType = text.plist.xml; path = Info.plist; sourceTree = "<group>"; };
		867FAC131F564C2F00ADF2C7 /* LuanchAdManager.h */ = {isa = PBXFileReference; fileEncoding = 4; lastKnownFileType = sourcecode.c.h; path = LuanchAdManager.h; sourceTree = "<group>"; };
		867FAC141F564C2F00ADF2C7 /* LuanchAdManager.m */ = {isa = PBXFileReference; fileEncoding = 4; lastKnownFileType = sourcecode.c.objc; path = LuanchAdManager.m; sourceTree = "<group>"; };
		867FAC151F564C2F00ADF2C7 /* LuanchAdObject.h */ = {isa = PBXFileReference; fileEncoding = 4; lastKnownFileType = sourcecode.c.h; path = LuanchAdObject.h; sourceTree = "<group>"; };
		867FAC161F564C2F00ADF2C7 /* LuanchAdObject.m */ = {isa = PBXFileReference; fileEncoding = 4; lastKnownFileType = sourcecode.c.objc; path = LuanchAdObject.m; sourceTree = "<group>"; };
		867FAC171F564C2F00ADF2C7 /* LuanchAdView.h */ = {isa = PBXFileReference; fileEncoding = 4; lastKnownFileType = sourcecode.c.h; path = LuanchAdView.h; sourceTree = "<group>"; };
		867FAC181F564C2F00ADF2C7 /* LuanchAdView.m */ = {isa = PBXFileReference; fileEncoding = 4; lastKnownFileType = sourcecode.c.objc; path = LuanchAdView.m; sourceTree = "<group>"; };
/* End PBXFileReference section */

/* Begin PBXFrameworksBuildPhase section */
		867FABD91F564BE100ADF2C7 /* Frameworks */ = {
			isa = PBXFrameworksBuildPhase;
			buildActionMask = 2147483647;
			files = (
			);
			runOnlyForDeploymentPostprocessing = 0;
		};
		867FABF21F564BE100ADF2C7 /* Frameworks */ = {
			isa = PBXFrameworksBuildPhase;
			buildActionMask = 2147483647;
			files = (
			);
			runOnlyForDeploymentPostprocessing = 0;
		};
		867FABFD1F564BE100ADF2C7 /* Frameworks */ = {
			isa = PBXFrameworksBuildPhase;
			buildActionMask = 2147483647;
			files = (
			);
			runOnlyForDeploymentPostprocessing = 0;
		};
/* End PBXFrameworksBuildPhase section */

/* Begin PBXGroup section */
		867FABD31F564BE000ADF2C7 = {
			isa = PBXGroup;
			children = (
				867FABDE1F564BE100ADF2C7 /* LuanchAd */,
				867FABF81F564BE100ADF2C7 /* LuanchAdTests */,
				867FAC031F564BE100ADF2C7 /* LuanchAdUITests */,
				867FABDD1F564BE100ADF2C7 /* Products */,
			);
			sourceTree = "<group>";
		};
		867FABDD1F564BE100ADF2C7 /* Products */ = {
			isa = PBXGroup;
			children = (
				867FABDC1F564BE100ADF2C7 /* LuanchAd.app */,
				867FABF51F564BE100ADF2C7 /* LuanchAdTests.xctest */,
				867FAC001F564BE100ADF2C7 /* LuanchAdUITests.xctest */,
			);
			name = Products;
			sourceTree = "<group>";
		};
		867FABDE1F564BE100ADF2C7 /* LuanchAd */ = {
			isa = PBXGroup;
			children = (
				867FAC121F564C1100ADF2C7 /* LuanchAd */,
				867FABE21F564BE100ADF2C7 /* AppDelegate.h */,
				867FABE31F564BE100ADF2C7 /* AppDelegate.m */,
				867FABE51F564BE100ADF2C7 /* ViewController.h */,
				867FABE61F564BE100ADF2C7 /* ViewController.m */,
				867FABE81F564BE100ADF2C7 /* Main.storyboard */,
				867FABEB1F564BE100ADF2C7 /* Assets.xcassets */,
				867FABED1F564BE100ADF2C7 /* LaunchScreen.storyboard */,
				867FABF01F564BE100ADF2C7 /* Info.plist */,
				867FABDF1F564BE100ADF2C7 /* Supporting Files */,
			);
			path = LuanchAd;
			sourceTree = "<group>";
		};
		867FABDF1F564BE100ADF2C7 /* Supporting Files */ = {
			isa = PBXGroup;
			children = (
				867FABE01F564BE100ADF2C7 /* main.m */,
			);
			name = "Supporting Files";
			sourceTree = "<group>";
		};
		867FABF81F564BE100ADF2C7 /* LuanchAdTests */ = {
			isa = PBXGroup;
			children = (
				867FABF91F564BE100ADF2C7 /* LuanchAdTests.m */,
				867FABFB1F564BE100ADF2C7 /* Info.plist */,
			);
			path = LuanchAdTests;
			sourceTree = "<group>";
		};
		867FAC031F564BE100ADF2C7 /* LuanchAdUITests */ = {
			isa = PBXGroup;
			children = (
				867FAC041F564BE100ADF2C7 /* LuanchAdUITests.m */,
				867FAC061F564BE100ADF2C7 /* Info.plist */,
			);
			path = LuanchAdUITests;
			sourceTree = "<group>";
		};
		867FAC121F564C1100ADF2C7 /* LuanchAd */ = {
			isa = PBXGroup;
			children = (
				867FAC131F564C2F00ADF2C7 /* LuanchAdManager.h */,
				867FAC141F564C2F00ADF2C7 /* LuanchAdManager.m */,
				867FAC151F564C2F00ADF2C7 /* LuanchAdObject.h */,
				867FAC161F564C2F00ADF2C7 /* LuanchAdObject.m */,
				867FAC171F564C2F00ADF2C7 /* LuanchAdView.h */,
				867FAC181F564C2F00ADF2C7 /* LuanchAdView.m */,
			);
			name = LuanchAd;
			sourceTree = "<group>";
		};
/* End PBXGroup section */

/* Begin PBXNativeTarget section */
		867FABDB1F564BE100ADF2C7 /* LuanchAd */ = {
			isa = PBXNativeTarget;
			buildConfigurationList = 867FAC091F564BE100ADF2C7 /* Build configuration list for PBXNativeTarget "LuanchAd" */;
			buildPhases = (
				867FABD81F564BE100ADF2C7 /* Sources */,
				867FABD91F564BE100ADF2C7 /* Frameworks */,
				867FABDA1F564BE100ADF2C7 /* Resources */,
			);
			buildRules = (
			);
			dependencies = (
			);
			name = LuanchAd;
			productName = LuanchAd;
			productReference = 867FABDC1F564BE100ADF2C7 /* LuanchAd.app */;
			productType = "com.apple.product-type.application";
		};
		867FABF41F564BE100ADF2C7 /* LuanchAdTests */ = {
			isa = PBXNativeTarget;
			buildConfigurationList = 867FAC0C1F564BE100ADF2C7 /* Build configuration list for PBXNativeTarget "LuanchAdTests" */;
			buildPhases = (
				867FABF11F564BE100ADF2C7 /* Sources */,
				867FABF21F564BE100ADF2C7 /* Frameworks */,
				867FABF31F564BE100ADF2C7 /* Resources */,
			);
			buildRules = (
			);
			dependencies = (
				867FABF71F564BE100ADF2C7 /* PBXTargetDependency */,
			);
			name = LuanchAdTests;
			productName = LuanchAdTests;
			productReference = 867FABF51F564BE100ADF2C7 /* LuanchAdTests.xctest */;
			productType = "com.apple.product-type.bundle.unit-test";
		};
		867FABFF1F564BE100ADF2C7 /* LuanchAdUITests */ = {
			isa = PBXNativeTarget;
			buildConfigurationList = 867FAC0F1F564BE100ADF2C7 /* Build configuration list for PBXNativeTarget "LuanchAdUITests" */;
			buildPhases = (
				867FABFC1F564BE100ADF2C7 /* Sources */,
				867FABFD1F564BE100ADF2C7 /* Frameworks */,
				867FABFE1F564BE100ADF2C7 /* Resources */,
			);
			buildRules = (
			);
			dependencies = (
				867FAC021F564BE100ADF2C7 /* PBXTargetDependency */,
			);
			name = LuanchAdUITests;
			productName = LuanchAdUITests;
			productReference = 867FAC001F564BE100ADF2C7 /* LuanchAdUITests.xctest */;
			productType = "com.apple.product-type.bundle.ui-testing";
		};
/* End PBXNativeTarget section */

/* Begin PBXProject section */
		867FABD41F564BE100ADF2C7 /* Project object */ = {
			isa = PBXProject;
			attributes = {
				LastUpgradeCheck = 0830;
				ORGANIZATIONNAME = com.flamegrace;
				TargetAttributes = {
					867FABDB1F564BE100ADF2C7 = {
						CreatedOnToolsVersion = 8.3.3;
						DevelopmentTeam = PK25G5QCH4;
						ProvisioningStyle = Automatic;
					};
					867FABF41F564BE100ADF2C7 = {
						CreatedOnToolsVersion = 8.3.3;
						DevelopmentTeam = PK25G5QCH4;
						ProvisioningStyle = Automatic;
						TestTargetID = 867FABDB1F564BE100ADF2C7;
					};
					867FABFF1F564BE100ADF2C7 = {
						CreatedOnToolsVersion = 8.3.3;
						DevelopmentTeam = PK25G5QCH4;
						ProvisioningStyle = Automatic;
						TestTargetID = 867FABDB1F564BE100ADF2C7;
					};
				};
			};
			buildConfigurationList = 867FABD71F564BE100ADF2C7 /* Build configuration list for PBXProject "LuanchAd" */;
			compatibilityVersion = "Xcode 3.2";
			developmentRegion = English;
			hasScannedForEncodings = 0;
			knownRegions = (
				en,
				Base,
			);
			mainGroup = 867FABD31F564BE000ADF2C7;
			productRefGroup = 867FABDD1F564BE100ADF2C7 /* Products */;
			projectDirPath = "";
			projectRoot = "";
			targets = (
				867FABDB1F564BE100ADF2C7 /* LuanchAd */,
				867FABF41F564BE100ADF2C7 /* LuanchAdTests */,
				867FABFF1F564BE100ADF2C7 /* LuanchAdUITests */,
			);
		};
/* End PBXProject section */

/* Begin PBXResourcesBuildPhase section */
		867FABDA1F564BE100ADF2C7 /* Resources */ = {
			isa = PBXResourcesBuildPhase;
			buildActionMask = 2147483647;
			files = (
				867FABEF1F564BE100ADF2C7 /* LaunchScreen.storyboard in Resources */,
				867FABEC1F564BE100ADF2C7 /* Assets.xcassets in Resources */,
				867FABEA1F564BE100ADF2C7 /* Main.storyboard in Resources */,
			);
			runOnlyForDeploymentPostprocessing = 0;
		};
		867FABF31F564BE100ADF2C7 /* Resources */ = {
			isa = PBXResourcesBuildPhase;
			buildActionMask = 2147483647;
			files = (
			);
			runOnlyForDeploymentPostprocessing = 0;
		};
		867FABFE1F564BE100ADF2C7 /* Resources */ = {
			isa = PBXResourcesBuildPhase;
			buildActionMask = 2147483647;
			files = (
			);
			runOnlyForDeploymentPostprocessing = 0;
		};
/* End PBXResourcesBuildPhase section */

/* Begin PBXSourcesBuildPhase section */
		867FABD81F564BE100ADF2C7 /* Sources */ = {
			isa = PBXSourcesBuildPhase;
			buildActionMask = 2147483647;
			files = (
				867FABE71F564BE100ADF2C7 /* ViewController.m in Sources */,
				867FAC1A1F564C2F00ADF2C7 /* LuanchAdObject.m in Sources */,
				867FAC1B1F564C2F00ADF2C7 /* LuanchAdView.m in Sources */,
				867FABE41F564BE100ADF2C7 /* AppDelegate.m in Sources */,
				867FABE11F564BE100ADF2C7 /* main.m in Sources */,
				867FAC191F564C2F00ADF2C7 /* LuanchAdManager.m in Sources */,
			);
			runOnlyForDeploymentPostprocessing = 0;
		};
		867FABF11F564BE100ADF2C7 /* Sources */ = {
			isa = PBXSourcesBuildPhase;
			buildActionMask = 2147483647;
			files = (
				867FABFA1F564BE100ADF2C7 /* LuanchAdTests.m in Sources */,
			);
			runOnlyForDeploymentPostprocessing = 0;
		};
		867FABFC1F564BE100ADF2C7 /* Sources */ = {
			isa = PBXSourcesBuildPhase;
			buildActionMask = 2147483647;
			files = (
				867FAC051F564BE100ADF2C7 /* LuanchAdUITests.m in Sources */,
			);
			runOnlyForDeploymentPostprocessing = 0;
		};
/* End PBXSourcesBuildPhase section */

/* Begin PBXTargetDependency section */
		867FABF71F564BE100ADF2C7 /* PBXTargetDependency */ = {
			isa = PBXTargetDependency;
			target = 867FABDB1F564BE100ADF2C7 /* LuanchAd */;
			targetProxy = 867FABF61F564BE100ADF2C7 /* PBXContainerItemProxy */;
		};
		867FAC021F564BE100ADF2C7 /* PBXTargetDependency */ = {
			isa = PBXTargetDependency;
			target = 867FABDB1F564BE100ADF2C7 /* LuanchAd */;
			targetProxy = 867FAC011F564BE100ADF2C7 /* PBXContainerItemProxy */;
		};
/* End PBXTargetDependency section */

/* Begin PBXVariantGroup section */
		867FABE81F564BE100ADF2C7 /* Main.storyboard */ = {
			isa = PBXVariantGroup;
			children = (
				867FABE91F564BE100ADF2C7 /* Base */,
			);
			name = Main.storyboard;
			sourceTree = "<group>";
		};
		867FABED1F564BE100ADF2C7 /* LaunchScreen.storyboard */ = {
			isa = PBXVariantGroup;
			children = (
				867FABEE1F564BE100ADF2C7 /* Base */,
			);
			name = LaunchScreen.storyboard;
			sourceTree = "<group>";
		};
/* End PBXVariantGroup section */

/* Begin XCBuildConfiguration section */
		867FAC071F564BE100ADF2C7 /* Debug */ = {
			isa = XCBuildConfiguration;
			buildSettings = {
				ALWAYS_SEARCH_USER_PATHS = NO;
				CLANG_ANALYZER_NONNULL = YES;
				CLANG_ANALYZER_NUMBER_OBJECT_CONVERSION = YES_AGGRESSIVE;
				CLANG_CXX_LANGUAGE_STANDARD = "gnu++0x";
				CLANG_CXX_LIBRARY = "libc++";
				CLANG_ENABLE_MODULES = YES;
				CLANG_ENABLE_OBJC_ARC = YES;
				CLANG_WARN_BOOL_CONVERSION = YES;
				CLANG_WARN_CONSTANT_CONVERSION = YES;
				CLANG_WARN_DIRECT_OBJC_ISA_USAGE = YES_ERROR;
				CLANG_WARN_DOCUMENTATION_COMMENTS = YES;
				CLANG_WARN_EMPTY_BODY = YES;
				CLANG_WARN_ENUM_CONVERSION = YES;
				CLANG_WARN_INFINITE_RECURSION = YES;
				CLANG_WARN_INT_CONVERSION = YES;
				CLANG_WARN_OBJC_ROOT_CLASS = YES_ERROR;
				CLANG_WARN_SUSPICIOUS_MOVE = YES;
				CLANG_WARN_UNREACHABLE_CODE = YES;
				CLANG_WARN__DUPLICATE_METHOD_MATCH = YES;
				"CODE_SIGN_IDENTITY[sdk=iphoneos*]" = "iPhone Developer";
				COPY_PHASE_STRIP = NO;
				DEBUG_INFORMATION_FORMAT = dwarf;
				ENABLE_STRICT_OBJC_MSGSEND = YES;
				ENABLE_TESTABILITY = YES;
				GCC_C_LANGUAGE_STANDARD = gnu99;
				GCC_DYNAMIC_NO_PIC = NO;
				GCC_NO_COMMON_BLOCKS = YES;
				GCC_OPTIMIZATION_LEVEL = 0;
				GCC_PREPROCESSOR_DEFINITIONS = (
					"DEBUG=1",
					"$(inherited)",
				);
				GCC_WARN_64_TO_32_BIT_CONVERSION = YES;
				GCC_WARN_ABOUT_RETURN_TYPE = YES_ERROR;
				GCC_WARN_UNDECLARED_SELECTOR = YES;
				GCC_WARN_UNINITIALIZED_AUTOS = YES_AGGRESSIVE;
				GCC_WARN_UNUSED_FUNCTION = YES;
				GCC_WARN_UNUSED_VARIABLE = YES;
				IPHONEOS_DEPLOYMENT_TARGET = 10.3;
				MTL_ENABLE_DEBUG_INFO = YES;
				ONLY_ACTIVE_ARCH = YES;
				SDKROOT = iphoneos;
			};
			name = Debug;
		};
		867FAC081F564BE100ADF2C7 /* Release */ = {
			isa = XCBuildConfiguration;
			buildSettings = {
				ALWAYS_SEARCH_USER_PATHS = NO;
				CLANG_ANALYZER_NONNULL = YES;
				CLANG_ANALYZER_NUMBER_OBJECT_CONVERSION = YES_AGGRESSIVE;
				CLANG_CXX_LANGUAGE_STANDARD = "gnu++0x";
				CLANG_CXX_LIBRARY = "libc++";
				CLANG_ENABLE_MODULES = YES;
				CLANG_ENABLE_OBJC_ARC = YES;
				CLANG_WARN_BOOL_CONVERSION = YES;
				CLANG_WARN_CONSTANT_CONVERSION = YES;
				CLANG_WARN_DIRECT_OBJC_ISA_USAGE = YES_ERROR;
				CLANG_WARN_DOCUMENTATION_COMMENTS = YES;
				CLANG_WARN_EMPTY_BODY = YES;
				CLANG_WARN_ENUM_CONVERSION = YES;
				CLANG_WARN_INFINITE_RECURSION = YES;
				CLANG_WARN_INT_CONVERSION = YES;
				CLANG_WARN_OBJC_ROOT_CLASS = YES_ERROR;
				CLANG_WARN_SUSPICIOUS_MOVE = YES;
				CLANG_WARN_UNREACHABLE_CODE = YES;
				CLANG_WARN__DUPLICATE_METHOD_MATCH = YES;
				"CODE_SIGN_IDENTITY[sdk=iphoneos*]" = "iPhone Developer";
				COPY_PHASE_STRIP = NO;
				DEBUG_INFORMATION_FORMAT = "dwarf-with-dsym";
				ENABLE_NS_ASSERTIONS = NO;
				ENABLE_STRICT_OBJC_MSGSEND = YES;
				GCC_C_LANGUAGE_STANDARD = gnu99;
				GCC_NO_COMMON_BLOCKS = YES;
				GCC_WARN_64_TO_32_BIT_CONVERSION = YES;
				GCC_WARN_ABOUT_RETURN_TYPE = YES_ERROR;
				GCC_WARN_UNDECLARED_SELECTOR = YES;
				GCC_WARN_UNINITIALIZED_AUTOS = YES_AGGRESSIVE;
				GCC_WARN_UNUSED_FUNCTION = YES;
				GCC_WARN_UNUSED_VARIABLE = YES;
				IPHONEOS_DEPLOYMENT_TARGET = 10.3;
				MTL_ENABLE_DEBUG_INFO = NO;
				SDKROOT = iphoneos;
				VALIDATE_PRODUCT = YES;
			};
			name = Release;
		};
		867FAC0A1F564BE100ADF2C7 /* Debug */ = {
			isa = XCBuildConfiguration;
			buildSettings = {
				ASSETCATALOG_COMPILER_APPICON_NAME = AppIcon;
				DEVELOPMENT_TEAM = PK25G5QCH4;
				INFOPLIST_FILE = LuanchAd/Info.plist;
				IPHONEOS_DEPLOYMENT_TARGET = 8.0;
				LD_RUNPATH_SEARCH_PATHS = "$(inherited) @executable_path/Frameworks";
				PRODUCT_BUNDLE_IDENTIFIER = com.flamegrace.LuanchAd;
				PRODUCT_NAME = "$(TARGET_NAME)";
			};
			name = Debug;
		};
		867FAC0B1F564BE100ADF2C7 /* Release */ = {
			isa = XCBuildConfiguration;
			buildSettings = {
				ASSETCATALOG_COMPILER_APPICON_NAME = AppIcon;
				DEVELOPMENT_TEAM = PK25G5QCH4;
				INFOPLIST_FILE = LuanchAd/Info.plist;
				IPHONEOS_DEPLOYMENT_TARGET = 8.0;
				LD_RUNPATH_SEARCH_PATHS = "$(inherited) @executable_path/Frameworks";
				PRODUCT_BUNDLE_IDENTIFIER = com.flamegrace.LuanchAd;
				PRODUCT_NAME = "$(TARGET_NAME)";
			};
			name = Release;
		};
		867FAC0D1F564BE100ADF2C7 /* Debug */ = {
			isa = XCBuildConfiguration;
			buildSettings = {
				BUNDLE_LOADER = "$(TEST_HOST)";
				DEVELOPMENT_TEAM = PK25G5QCH4;
				INFOPLIST_FILE = LuanchAdTests/Info.plist;
				LD_RUNPATH_SEARCH_PATHS = "$(inherited) @executable_path/Frameworks @loader_path/Frameworks";
				PRODUCT_BUNDLE_IDENTIFIER = com.flamegrace.LuanchAdTests;
				PRODUCT_NAME = "$(TARGET_NAME)";
				TEST_HOST = "$(BUILT_PRODUCTS_DIR)/LuanchAd.app/LuanchAd";
			};
			name = Debug;
		};
		867FAC0E1F564BE100ADF2C7 /* Release */ = {
			isa = XCBuildConfiguration;
			buildSettings = {
				BUNDLE_LOADER = "$(TEST_HOST)";
				DEVELOPMENT_TEAM = PK25G5QCH4;
				INFOPLIST_FILE = LuanchAdTests/Info.plist;
				LD_RUNPATH_SEARCH_PATHS = "$(inherited) @executable_path/Frameworks @loader_path/Frameworks";
				PRODUCT_BUNDLE_IDENTIFIER = com.flamegrace.LuanchAdTests;
				PRODUCT_NAME = "$(TARGET_NAME)";
				TEST_HOST = "$(BUILT_PRODUCTS_DIR)/LuanchAd.app/LuanchAd";
			};
			name = Release;
		};
		867FAC101F564BE100ADF2C7 /* Debug */ = {
			isa = XCBuildConfiguration;
			buildSettings = {
				DEVELOPMENT_TEAM = PK25G5QCH4;
				INFOPLIST_FILE = LuanchAdUITests/Info.plist;
				LD_RUNPATH_SEARCH_PATHS = "$(inherited) @executable_path/Frameworks @loader_path/Frameworks";
				PRODUCT_BUNDLE_IDENTIFIER = com.flamegrace.LuanchAdUITests;
				PRODUCT_NAME = "$(TARGET_NAME)";
				TEST_TARGET_NAME = LuanchAd;
			};
			name = Debug;
		};
		867FAC111F564BE100ADF2C7 /* Release */ = {
			isa = XCBuildConfiguration;
			buildSettings = {
				DEVELOPMENT_TEAM = PK25G5QCH4;
				INFOPLIST_FILE = LuanchAdUITests/Info.plist;
				LD_RUNPATH_SEARCH_PATHS = "$(inherited) @executable_path/Frameworks @loader_path/Frameworks";
				PRODUCT_BUNDLE_IDENTIFIER = com.flamegrace.LuanchAdUITests;
				PRODUCT_NAME = "$(TARGET_NAME)";
				TEST_TARGET_NAME = LuanchAd;
			};
			name = Release;
		};
/* End XCBuildConfiguration section */

/* Begin XCConfigurationList section */
		867FABD71F564BE100ADF2C7 /* Build configuration list for PBXProject "LuanchAd" */ = {
			isa = XCConfigurationList;
			buildConfigurations = (
				867FAC071F564BE100ADF2C7 /* Debug */,
				867FAC081F564BE100ADF2C7 /* Release */,
			);
			defaultConfigurationIsVisible = 0;
			defaultConfigurationName = Release;
		};
		867FAC091F564BE100ADF2C7 /* Build configuration list for PBXNativeTarget "LuanchAd" */ = {
			isa = XCConfigurationList;
			buildConfigurations = (
				867FAC0A1F564BE100ADF2C7 /* Debug */,
				867FAC0B1F564BE100ADF2C7 /* Release */,
			);
			defaultConfigurationIsVisible = 0;
		};
		867FAC0C1F564BE100ADF2C7 /* Build configuration list for PBXNativeTarget "LuanchAdTests" */ = {
			isa = XCConfigurationList;
			buildConfigurations = (
				867FAC0D1F564BE100ADF2C7 /* Debug */,
				867FAC0E1F564BE100ADF2C7 /* Release */,
			);
			defaultConfigurationIsVisible = 0;
		};
		867FAC0F1F564BE100ADF2C7 /* Build configuration list for PBXNativeTarget "LuanchAdUITests" */ = {
			isa = XCConfigurationList;
			buildConfigurations = (
				867FAC101F564BE100ADF2C7 /* Debug */,
				867FAC111F564BE100ADF2C7 /* Release */,
			);
			defaultConfigurationIsVisible = 0;
		};
/* End XCConfigurationList section */
	};
	rootObject = 867FABD41F564BE100ADF2C7 /* Project object */;
}
